// !$*UTF8*$!
{
	archiveVersion = 1;
	classes = {
	};
	objectVersion = 55;
	objects = {

/* Begin PBXBuildFile section */
		251CF7BF276038E800D1BCBD /* AppDelegate.swift in Sources */ = {isa = PBXBuildFile; fileRef = 251CF7BE276038E800D1BCBD /* AppDelegate.swift */; };
		251CF7C1276038E800D1BCBD /* SceneDelegate.swift in Sources */ = {isa = PBXBuildFile; fileRef = 251CF7C0276038E800D1BCBD /* SceneDelegate.swift */; };
		251CF7C3276038E800D1BCBD /* ViewController.swift in Sources */ = {isa = PBXBuildFile; fileRef = 251CF7C2276038E800D1BCBD /* ViewController.swift */; };
		251CF7C6276038E800D1BCBD /* Main.storyboard in Resources */ = {isa = PBXBuildFile; fileRef = 251CF7C4276038E800D1BCBD /* Main.storyboard */; };
		251CF7C8276038E900D1BCBD /* Assets.xcassets in Resources */ = {isa = PBXBuildFile; fileRef = 251CF7C7276038E900D1BCBD /* Assets.xcassets */; };
		251CF7CB276038E900D1BCBD /* LaunchScreen.storyboard in Resources */ = {isa = PBXBuildFile; fileRef = 251CF7C9276038E900D1BCBD /* LaunchScreen.storyboard */; };
		251CF7D6276038E900D1BCBD /* alaskaAirlinesTestProjectTests.swift in Sources */ = {isa = PBXBuildFile; fileRef = 251CF7D5276038E900D1BCBD /* alaskaAirlinesTestProjectTests.swift */; };
		251CF7E0276038E900D1BCBD /* alaskaAirlinesTestProjectUITests.swift in Sources */ = {isa = PBXBuildFile; fileRef = 251CF7DF276038E900D1BCBD /* alaskaAirlinesTestProjectUITests.swift */; };
		251CF7E2276038E900D1BCBD /* alaskaAirlinesTestProjectUITestsLaunchTests.swift in Sources */ = {isa = PBXBuildFile; fileRef = 251CF7E1276038E900D1BCBD /* alaskaAirlinesTestProjectUITestsLaunchTests.swift */; };
/* End PBXBuildFile section */

/* Begin PBXContainerItemProxy section */
		251CF7D2276038E900D1BCBD /* PBXContainerItemProxy */ = {
			isa = PBXContainerItemProxy;
			containerPortal = 251CF7B3276038E800D1BCBD /* Project object */;
			proxyType = 1;
			remoteGlobalIDString = 251CF7BA276038E800D1BCBD;
			remoteInfo = alaskaAirlinesTestProject;
		};
		251CF7DC276038E900D1BCBD /* PBXContainerItemProxy */ = {
			isa = PBXContainerItemProxy;
			containerPortal = 251CF7B3276038E800D1BCBD /* Project object */;
			proxyType = 1;
			remoteGlobalIDString = 251CF7BA276038E800D1BCBD;
			remoteInfo = alaskaAirlinesTestProject;
		};
/* End PBXContainerItemProxy section */

/* Begin PBXFileReference section */
		251CF7BB276038E800D1BCBD /* alaskaAirlinesTestProject.app */ = {isa = PBXFileReference; explicitFileType = wrapper.application; includeInIndex = 0; path = alaskaAirlinesTestProject.app; sourceTree = BUILT_PRODUCTS_DIR; };
		251CF7BE276038E800D1BCBD /* AppDelegate.swift */ = {isa = PBXFileReference; lastKnownFileType = sourcecode.swift; path = AppDelegate.swift; sourceTree = "<group>"; };
		251CF7C0276038E800D1BCBD /* SceneDelegate.swift */ = {isa = PBXFileReference; lastKnownFileType = sourcecode.swift; path = SceneDelegate.swift; sourceTree = "<group>"; };
		251CF7C2276038E800D1BCBD /* ViewController.swift */ = {isa = PBXFileReference; lastKnownFileType = sourcecode.swift; path = ViewController.swift; sourceTree = "<group>"; };
		251CF7C5276038E800D1BCBD /* Base */ = {isa = PBXFileReference; lastKnownFileType = file.storyboard; name = Base; path = Base.lproj/Main.storyboard; sourceTree = "<group>"; };
		251CF7C7276038E900D1BCBD /* Assets.xcassets */ = {isa = PBXFileReference; lastKnownFileType = folder.assetcatalog; path = Assets.xcassets; sourceTree = "<group>"; };
		251CF7CA276038E900D1BCBD /* Base */ = {isa = PBXFileReference; lastKnownFileType = file.storyboard; name = Base; path = Base.lproj/LaunchScreen.storyboard; sourceTree = "<group>"; };
		251CF7CC276038E900D1BCBD /* Info.plist */ = {isa = PBXFileReference; lastKnownFileType = text.plist.xml; path = Info.plist; sourceTree = "<group>"; };
		251CF7D1276038E900D1BCBD /* alaskaAirlinesTestProjectTests.xctest */ = {isa = PBXFileReference; explicitFileType = wrapper.cfbundle; includeInIndex = 0; path = alaskaAirlinesTestProjectTests.xctest; sourceTree = BUILT_PRODUCTS_DIR; };
		251CF7D5276038E900D1BCBD /* alaskaAirlinesTestProjectTests.swift */ = {isa = PBXFileReference; lastKnownFileType = sourcecode.swift; path = alaskaAirlinesTestProjectTests.swift; sourceTree = "<group>"; };
		251CF7DB276038E900D1BCBD /* alaskaAirlinesTestProjectUITests.xctest */ = {isa = PBXFileReference; explicitFileType = wrapper.cfbundle; includeInIndex = 0; path = alaskaAirlinesTestProjectUITests.xctest; sourceTree = BUILT_PRODUCTS_DIR; };
		251CF7DF276038E900D1BCBD /* alaskaAirlinesTestProjectUITests.swift */ = {isa = PBXFileReference; lastKnownFileType = sourcecode.swift; path = alaskaAirlinesTestProjectUITests.swift; sourceTree = "<group>"; };
		251CF7E1276038E900D1BCBD /* alaskaAirlinesTestProjectUITestsLaunchTests.swift */ = {isa = PBXFileReference; lastKnownFileType = sourcecode.swift; path = alaskaAirlinesTestProjectUITestsLaunchTests.swift; sourceTree = "<group>"; };
/* End PBXFileReference section */

/* Begin PBXFrameworksBuildPhase section */
		251CF7B8276038E800D1BCBD /* Frameworks */ = {
			isa = PBXFrameworksBuildPhase;
			buildActionMask = 2147483647;
			files = (
			);
			runOnlyForDeploymentPostprocessing = 0;
		};
		251CF7CE276038E900D1BCBD /* Frameworks */ = {
			isa = PBXFrameworksBuildPhase;
			buildActionMask = 2147483647;
			files = (
			);
			runOnlyForDeploymentPostprocessing = 0;
		};
		251CF7D8276038E900D1BCBD /* Frameworks */ = {
			isa = PBXFrameworksBuildPhase;
			buildActionMask = 2147483647;
			files = (
			);
			runOnlyForDeploymentPostprocessing = 0;
		};
/* End PBXFrameworksBuildPhase section */

/* Begin PBXGroup section */
		251CF7B2276038E800D1BCBD = {
			isa = PBXGroup;
			children = (
				251CF7BD276038E800D1BCBD /* alaskaAirlinesTestProject */,
				251CF7D4276038E900D1BCBD /* alaskaAirlinesTestProjectTests */,
				251CF7DE276038E900D1BCBD /* alaskaAirlinesTestProjectUITests */,
				251CF7BC276038E800D1BCBD /* Products */,
			);
			sourceTree = "<group>";
		};
		251CF7BC276038E800D1BCBD /* Products */ = {
			isa = PBXGroup;
			children = (
				251CF7BB276038E800D1BCBD /* alaskaAirlinesTestProject.app */,
				251CF7D1276038E900D1BCBD /* alaskaAirlinesTestProjectTests.xctest */,
				251CF7DB276038E900D1BCBD /* alaskaAirlinesTestProjectUITests.xctest */,
			);
			name = Products;
			sourceTree = "<group>";
		};
		251CF7BD276038E800D1BCBD /* alaskaAirlinesTestProject */ = {
			isa = PBXGroup;
			children = (
				251CF7BE276038E800D1BCBD /* AppDelegate.swift */,
				251CF7C0276038E800D1BCBD /* SceneDelegate.swift */,
				251CF7C2276038E800D1BCBD /* ViewController.swift */,
				251CF7C4276038E800D1BCBD /* Main.storyboard */,
				251CF7C7276038E900D1BCBD /* Assets.xcassets */,
				251CF7C9276038E900D1BCBD /* LaunchScreen.storyboard */,
				251CF7CC276038E900D1BCBD /* Info.plist */,
			);
			path = alaskaAirlinesTestProject;
			sourceTree = "<group>";
		};
		251CF7D4276038E900D1BCBD /* alaskaAirlinesTestProjectTests */ = {
			isa = PBXGroup;
			children = (
				251CF7D5276038E900D1BCBD /* alaskaAirlinesTestProjectTests.swift */,
			);
			path = alaskaAirlinesTestProjectTests;
			sourceTree = "<group>";
		};
		251CF7DE276038E900D1BCBD /* alaskaAirlinesTestProjectUITests */ = {
			isa = PBXGroup;
			children = (
				251CF7DF276038E900D1BCBD /* alaskaAirlinesTestProjectUITests.swift */,
				251CF7E1276038E900D1BCBD /* alaskaAirlinesTestProjectUITestsLaunchTests.swift */,
			);
			path = alaskaAirlinesTestProjectUITests;
			sourceTree = "<group>";
		};
/* End PBXGroup section */

/* Begin PBXNativeTarget section */
		251CF7BA276038E800D1BCBD /* alaskaAirlinesTestProject */ = {
			isa = PBXNativeTarget;
			buildConfigurationList = 251CF7E5276038E900D1BCBD /* Build configuration list for PBXNativeTarget "alaskaAirlinesTestProject" */;
			buildPhases = (
				251CF7B7276038E800D1BCBD /* Sources */,
				251CF7B8276038E800D1BCBD /* Frameworks */,
				251CF7B9276038E800D1BCBD /* Resources */,
			);
			buildRules = (
			);
			dependencies = (
			);
			name = alaskaAirlinesTestProject;
			productName = alaskaAirlinesTestProject;
			productReference = 251CF7BB276038E800D1BCBD /* alaskaAirlinesTestProject.app */;
			productType = "com.apple.product-type.application";
		};
		251CF7D0276038E900D1BCBD /* alaskaAirlinesTestProjectTests */ = {
			isa = PBXNativeTarget;
			buildConfigurationList = 251CF7E8276038E900D1BCBD /* Build configuration list for PBXNativeTarget "alaskaAirlinesTestProjectTests" */;
			buildPhases = (
				251CF7CD276038E900D1BCBD /* Sources */,
				251CF7CE276038E900D1BCBD /* Frameworks */,
				251CF7CF276038E900D1BCBD /* Resources */,
			);
			buildRules = (
			);
			dependencies = (
				251CF7D3276038E900D1BCBD /* PBXTargetDependency */,
			);
			name = alaskaAirlinesTestProjectTests;
			productName = alaskaAirlinesTestProjectTests;
			productReference = 251CF7D1276038E900D1BCBD /* alaskaAirlinesTestProjectTests.xctest */;
			productType = "com.apple.product-type.bundle.unit-test";
		};
		251CF7DA276038E900D1BCBD /* alaskaAirlinesTestProjectUITests */ = {
			isa = PBXNativeTarget;
			buildConfigurationList = 251CF7EB276038E900D1BCBD /* Build configuration list for PBXNativeTarget "alaskaAirlinesTestProjectUITests" */;
			buildPhases = (
				251CF7D7276038E900D1BCBD /* Sources */,
				251CF7D8276038E900D1BCBD /* Frameworks */,
				251CF7D9276038E900D1BCBD /* Resources */,
			);
			buildRules = (
			);
			dependencies = (
				251CF7DD276038E900D1BCBD /* PBXTargetDependency */,
			);
			name = alaskaAirlinesTestProjectUITests;
			productName = alaskaAirlinesTestProjectUITests;
			productReference = 251CF7DB276038E900D1BCBD /* alaskaAirlinesTestProjectUITests.xctest */;
			productType = "com.apple.product-type.bundle.ui-testing";
		};
/* End PBXNativeTarget section */

/* Begin PBXProject section */
		251CF7B3276038E800D1BCBD /* Project object */ = {
			isa = PBXProject;
			attributes = {
				BuildIndependentTargetsInParallel = 1;
				LastSwiftUpdateCheck = 1310;
				LastUpgradeCheck = 1310;
				TargetAttributes = {
					251CF7BA276038E800D1BCBD = {
						CreatedOnToolsVersion = 13.1;
					};
					251CF7D0276038E900D1BCBD = {
						CreatedOnToolsVersion = 13.1;
						TestTargetID = 251CF7BA276038E800D1BCBD;
					};
					251CF7DA276038E900D1BCBD = {
						CreatedOnToolsVersion = 13.1;
						TestTargetID = 251CF7BA276038E800D1BCBD;
					};
				};
			};
			buildConfigurationList = 251CF7B6276038E800D1BCBD /* Build configuration list for PBXProject "alaskaAirlinesTestProject" */;
			compatibilityVersion = "Xcode 13.0";
			developmentRegion = en;
			hasScannedForEncodings = 0;
			knownRegions = (
				en,
				Base,
			);
			mainGroup = 251CF7B2276038E800D1BCBD;
			productRefGroup = 251CF7BC276038E800D1BCBD /* Products */;
			projectDirPath = "";
			projectRoot = "";
			targets = (
				251CF7BA276038E800D1BCBD /* alaskaAirlinesTestProject */,
				251CF7D0276038E900D1BCBD /* alaskaAirlinesTestProjectTests */,
				251CF7DA276038E900D1BCBD /* alaskaAirlinesTestProjectUITests */,
			);
		};
/* End PBXProject section */

/* Begin PBXResourcesBuildPhase section */
		251CF7B9276038E800D1BCBD /* Resources */ = {
			isa = PBXResourcesBuildPhase;
			buildActionMask = 2147483647;
			files = (
				251CF7CB276038E900D1BCBD /* LaunchScreen.storyboard in Resources */,
				251CF7C8276038E900D1BCBD /* Assets.xcassets in Resources */,
				251CF7C6276038E800D1BCBD /* Main.storyboard in Resources */,
			);
			runOnlyForDeploymentPostprocessing = 0;
		};
		251CF7CF276038E900D1BCBD /* Resources */ = {
			isa = PBXResourcesBuildPhase;
			buildActionMask = 2147483647;
			files = (
			);
			runOnlyForDeploymentPostprocessing = 0;
		};
		251CF7D9276038E900D1BCBD /* Resources */ = {
			isa = PBXResourcesBuildPhase;
			buildActionMask = 2147483647;
			files = (
			);
			runOnlyForDeploymentPostprocessing = 0;
		};
/* End PBXResourcesBuildPhase section */

/* Begin PBXSourcesBuildPhase section */
		251CF7B7276038E800D1BCBD /* Sources */ = {
			isa = PBXSourcesBuildPhase;
			buildActionMask = 2147483647;
			files = (
				251CF7C3276038E800D1BCBD /* ViewController.swift in Sources */,
				251CF7BF276038E800D1BCBD /* AppDelegate.swift in Sources */,
				251CF7C1276038E800D1BCBD /* SceneDelegate.swift in Sources */,
			);
			runOnlyForDeploymentPostprocessing = 0;
		};
		251CF7CD276038E900D1BCBD /* Sources */ = {
			isa = PBXSourcesBuildPhase;
			buildActionMask = 2147483647;
			files = (
				251CF7D6276038E900D1BCBD /* alaskaAirlinesTestProjectTests.swift in Sources */,
			);
			runOnlyForDeploymentPostprocessing = 0;
		};
		251CF7D7276038E900D1BCBD /* Sources */ = {
			isa = PBXSourcesBuildPhase;
			buildActionMask = 2147483647;
			files = (
				251CF7E2276038E900D1BCBD /* alaskaAirlinesTestProjectUITestsLaunchTests.swift in Sources */,
				251CF7E0276038E900D1BCBD /* alaskaAirlinesTestProjectUITests.swift in Sources */,
			);
			runOnlyForDeploymentPostprocessing = 0;
		};
/* End PBXSourcesBuildPhase section */

/* Begin PBXTargetDependency section */
		251CF7D3276038E900D1BCBD /* PBXTargetDependency */ = {
			isa = PBXTargetDependency;
			target = 251CF7BA276038E800D1BCBD /* alaskaAirlinesTestProject */;
			targetProxy = 251CF7D2276038E900D1BCBD /* PBXContainerItemProxy */;
		};
		251CF7DD276038E900D1BCBD /* PBXTargetDependency */ = {
			isa = PBXTargetDependency;
			target = 251CF7BA276038E800D1BCBD /* alaskaAirlinesTestProject */;
			targetProxy = 251CF7DC276038E900D1BCBD /* PBXContainerItemProxy */;
		};
/* End PBXTargetDependency section */

/* Begin PBXVariantGroup section */
		251CF7C4276038E800D1BCBD /* Main.storyboard */ = {
			isa = PBXVariantGroup;
			children = (
				251CF7C5276038E800D1BCBD /* Base */,
			);
			name = Main.storyboard;
			sourceTree = "<group>";
		};
		251CF7C9276038E900D1BCBD /* LaunchScreen.storyboard */ = {
			isa = PBXVariantGroup;
			children = (
				251CF7CA276038E900D1BCBD /* Base */,
			);
			name = LaunchScreen.storyboard;
			sourceTree = "<group>";
		};
/* End PBXVariantGroup section */

/* Begin XCBuildConfiguration section */
		251CF7E3276038E900D1BCBD /* Debug */ = {
			isa = XCBuildConfiguration;
			buildSettings = {
				ALWAYS_SEARCH_USER_PATHS = NO;
				CLANG_ANALYZER_NONNULL = YES;
				CLANG_ANALYZER_NUMBER_OBJECT_CONVERSION = YES_AGGRESSIVE;
				CLANG_CXX_LANGUAGE_STANDARD = "gnu++17";
				CLANG_CXX_LIBRARY = "libc++";
				CLANG_ENABLE_MODULES = YES;
				CLANG_ENABLE_OBJC_ARC = YES;
				CLANG_ENABLE_OBJC_WEAK = YES;
				CLANG_WARN_BLOCK_CAPTURE_AUTORELEASING = YES;
				CLANG_WARN_BOOL_CONVERSION = YES;
				CLANG_WARN_COMMA = YES;
				CLANG_WARN_CONSTANT_CONVERSION = YES;
				CLANG_WARN_DEPRECATED_OBJC_IMPLEMENTATIONS = YES;
				CLANG_WARN_DIRECT_OBJC_ISA_USAGE = YES_ERROR;
				CLANG_WARN_DOCUMENTATION_COMMENTS = YES;
				CLANG_WARN_EMPTY_BODY = YES;
				CLANG_WARN_ENUM_CONVERSION = YES;
				CLANG_WARN_INFINITE_RECURSION = YES;
				CLANG_WARN_INT_CONVERSION = YES;
				CLANG_WARN_NON_LITERAL_NULL_CONVERSION = YES;
				CLANG_WARN_OBJC_IMPLICIT_RETAIN_SELF = YES;
				CLANG_WARN_OBJC_LITERAL_CONVERSION = YES;
				CLANG_WARN_OBJC_ROOT_CLASS = YES_ERROR;
				CLANG_WARN_QUOTED_INCLUDE_IN_FRAMEWORK_HEADER = YES;
				CLANG_WARN_RANGE_LOOP_ANALYSIS = YES;
				CLANG_WARN_STRICT_PROTOTYPES = YES;
				CLANG_WARN_SUSPICIOUS_MOVE = YES;
				CLANG_WARN_UNGUARDED_AVAILABILITY = YES_AGGRESSIVE;
				CLANG_WARN_UNREACHABLE_CODE = YES;
				CLANG_WARN__DUPLICATE_METHOD_MATCH = YES;
				COPY_PHASE_STRIP = NO;
				DEBUG_INFORMATION_FORMAT = dwarf;
				ENABLE_STRICT_OBJC_MSGSEND = YES;
				ENABLE_TESTABILITY = YES;
				GCC_C_LANGUAGE_STANDARD = gnu11;
				GCC_DYNAMIC_NO_PIC = NO;
				GCC_NO_COMMON_BLOCKS = YES;
				GCC_OPTIMIZATION_LEVEL = 0;
				GCC_PREPROCESSOR_DEFINITIONS = (
					"DEBUG=1",
					"$(inherited)",
				);
				GCC_WARN_64_TO_32_BIT_CONVERSION = YES;
				GCC_WARN_ABOUT_RETURN_TYPE = YES_ERROR;
				GCC_WARN_UNDECLARED_SELECTOR = YES;
				GCC_WARN_UNINITIALIZED_AUTOS = YES_AGGRESSIVE;
				GCC_WARN_UNUSED_FUNCTION = YES;
				GCC_WARN_UNUSED_VARIABLE = YES;
				IPHONEOS_DEPLOYMENT_TARGET = 15.0;
				MTL_ENABLE_DEBUG_INFO = INCLUDE_SOURCE;
				MTL_FAST_MATH = YES;
				ONLY_ACTIVE_ARCH = YES;
				SDKROOT = iphoneos;
				SWIFT_ACTIVE_COMPILATION_CONDITIONS = DEBUG;
				SWIFT_OPTIMIZATION_LEVEL = "-Onone";
			};
			name = Debug;
		};
		251CF7E4276038E900D1BCBD /* Release */ = {
			isa = XCBuildConfiguration;
			buildSettings = {
				ALWAYS_SEARCH_USER_PATHS = NO;
				CLANG_ANALYZER_NONNULL = YES;
				CLANG_ANALYZER_NUMBER_OBJECT_CONVERSION = YES_AGGRESSIVE;
				CLANG_CXX_LANGUAGE_STANDARD = "gnu++17";
				CLANG_CXX_LIBRARY = "libc++";
				CLANG_ENABLE_MODULES = YES;
				CLANG_ENABLE_OBJC_ARC = YES;
				CLANG_ENABLE_OBJC_WEAK = YES;
				CLANG_WARN_BLOCK_CAPTURE_AUTORELEASING = YES;
				CLANG_WARN_BOOL_CONVERSION = YES;
				CLANG_WARN_COMMA = YES;
				CLANG_WARN_CONSTANT_CONVERSION = YES;
				CLANG_WARN_DEPRECATED_OBJC_IMPLEMENTATIONS = YES;
				CLANG_WARN_DIRECT_OBJC_ISA_USAGE = YES_ERROR;
				CLANG_WARN_DOCUMENTATION_COMMENTS = YES;
				CLANG_WARN_EMPTY_BODY = YES;
				CLANG_WARN_ENUM_CONVERSION = YES;
				CLANG_WARN_INFINITE_RECURSION = YES;
				CLANG_WARN_INT_CONVERSION = YES;
				CLANG_WARN_NON_LITERAL_NULL_CONVERSION = YES;
				CLANG_WARN_OBJC_IMPLICIT_RETAIN_SELF = YES;
				CLANG_WARN_OBJC_LITERAL_CONVERSION = YES;
				CLANG_WARN_OBJC_ROOT_CLASS = YES_ERROR;
				CLANG_WARN_QUOTED_INCLUDE_IN_FRAMEWORK_HEADER = YES;
				CLANG_WARN_RANGE_LOOP_ANALYSIS = YES;
				CLANG_WARN_STRICT_PROTOTYPES = YES;
				CLANG_WARN_SUSPICIOUS_MOVE = YES;
				CLANG_WARN_UNGUARDED_AVAILABILITY = YES_AGGRESSIVE;
				CLANG_WARN_UNREACHABLE_CODE = YES;
				CLANG_WARN__DUPLICATE_METHOD_MATCH = YES;
				COPY_PHASE_STRIP = NO;
				DEBUG_INFORMATION_FORMAT = "dwarf-with-dsym";
				ENABLE_NS_ASSERTIONS = NO;
				ENABLE_STRICT_OBJC_MSGSEND = YES;
				GCC_C_LANGUAGE_STANDARD = gnu11;
				GCC_NO_COMMON_BLOCKS = YES;
				GCC_WARN_64_TO_32_BIT_CONVERSION = YES;
				GCC_WARN_ABOUT_RETURN_TYPE = YES_ERROR;
				GCC_WARN_UNDECLARED_SELECTOR = YES;
				GCC_WARN_UNINITIALIZED_AUTOS = YES_AGGRESSIVE;
				GCC_WARN_UNUSED_FUNCTION = YES;
				GCC_WARN_UNUSED_VARIABLE = YES;
				IPHONEOS_DEPLOYMENT_TARGET = 15.0;
				MTL_ENABLE_DEBUG_INFO = NO;
				MTL_FAST_MATH = YES;
				SDKROOT = iphoneos;
				SWIFT_COMPILATION_MODE = wholemodule;
				SWIFT_OPTIMIZATION_LEVEL = "-O";
				VALIDATE_PRODUCT = YES;
			};
			name = Release;
		};
		251CF7E6276038E900D1BCBD /* Debug */ = {
			isa = XCBuildConfiguration;
			buildSettings = {
				ASSETCATALOG_COMPILER_APPICON_NAME = AppIcon;
				ASSETCATALOG_COMPILER_GLOBAL_ACCENT_COLOR_NAME = AccentColor;
				CODE_SIGN_STYLE = Automatic;
				CURRENT_PROJECT_VERSION = 1;
				DEVELOPMENT_TEAM = BFN7NDKVPX;
				GENERATE_INFOPLIST_FILE = YES;
				INFOPLIST_FILE = alaskaAirlinesTestProject/Info.plist;
				INFOPLIST_KEY_UIApplicationSupportsIndirectInputEvents = YES;
				INFOPLIST_KEY_UILaunchStoryboardName = LaunchScreen;
				INFOPLIST_KEY_UIMainStoryboardFile = Main;
				INFOPLIST_KEY_UISupportedInterfaceOrientations_iPad = "UIInterfaceOrientationPortraitUpsideDown UIInterfaceOrientationPortrait";
				INFOPLIST_KEY_UISupportedInterfaceOrientations_iPhone = "UIInterfaceOrientationPortrait UIInterfaceOrientationLandscapeLeft UIInterfaceOrientationLandscapeRight";
				LD_RUNPATH_SEARCH_PATHS = (
					"$(inherited)",
					"@executable_path/Frameworks",
				);
				MARKETING_VERSION = 1.0;
				PRODUCT_BUNDLE_IDENTIFIER = dominickhera.alaskaAirlinesTestProject;
				PRODUCT_NAME = "$(TARGET_NAME)";
				SWIFT_EMIT_LOC_STRINGS = YES;
				SWIFT_VERSION = 5.0;
				TARGETED_DEVICE_FAMILY = 2;
			};
			name = Debug;
		};
		251CF7E7276038E900D1BCBD /* Release */ = {
			isa = XCBuildConfiguration;
			buildSettings = {
				ASSETCATALOG_COMPILER_APPICON_NAME = AppIcon;
				ASSETCATALOG_COMPILER_GLOBAL_ACCENT_COLOR_NAME = AccentColor;
				CODE_SIGN_STYLE = Automatic;
				CURRENT_PROJECT_VERSION = 1;
				DEVELOPMENT_TEAM = BFN7NDKVPX;
				GENERATE_INFOPLIST_FILE = YES;
				INFOPLIST_FILE = alaskaAirlinesTestProject/Info.plist;
				INFOPLIST_KEY_UIApplicationSupportsIndirectInputEvents = YES;
				INFOPLIST_KEY_UILaunchStoryboardName = LaunchScreen;
				INFOPLIST_KEY_UIMainStoryboardFile = Main;
				INFOPLIST_KEY_UISupportedInterfaceOrientations_iPad = "UIInterfaceOrientationPortraitUpsideDown UIInterfaceOrientationPortrait";
				INFOPLIST_KEY_UISupportedInterfaceOrientations_iPhone = "UIInterfaceOrientationPortrait UIInterfaceOrientationLandscapeLeft UIInterfaceOrientationLandscapeRight";
				LD_RUNPATH_SEARCH_PATHS = (
					"$(inherited)",
					"@executable_path/Frameworks",
				);
				MARKETING_VERSION = 1.0;
				PRODUCT_BUNDLE_IDENTIFIER = dominickhera.alaskaAirlinesTestProject;
				PRODUCT_NAME = "$(TARGET_NAME)";
				SWIFT_EMIT_LOC_STRINGS = YES;
				SWIFT_VERSION = 5.0;
				TARGETED_DEVICE_FAMILY = 2;
			};
			name = Release;
		};
		251CF7E9276038E900D1BCBD /* Debug */ = {
			isa = XCBuildConfiguration;
			buildSettings = {
				ALWAYS_EMBED_SWIFT_STANDARD_LIBRARIES = YES;
				BUNDLE_LOADER = "$(TEST_HOST)";
				CODE_SIGN_STYLE = Automatic;
				CURRENT_PROJECT_VERSION = 1;
				DEVELOPMENT_TEAM = BFN7NDKVPX;
				GENERATE_INFOPLIST_FILE = YES;
				IPHONEOS_DEPLOYMENT_TARGET = 15.0;
				LD_RUNPATH_SEARCH_PATHS = (
					"$(inherited)",
					"@executable_path/Frameworks",
					"@loader_path/Frameworks",
				);
				MARKETING_VERSION = 1.0;
				PRODUCT_BUNDLE_IDENTIFIER = dominickhera.alaskaAirlinesTestProjectTests;
				PRODUCT_NAME = "$(TARGET_NAME)";
				SWIFT_EMIT_LOC_STRINGS = NO;
				SWIFT_VERSION = 5.0;
				TARGETED_DEVICE_FAMILY = "1,2";
				TEST_HOST = "$(BUILT_PRODUCTS_DIR)/alaskaAirlinesTestProject.app/alaskaAirlinesTestProject";
			};
			name = Debug;
		};
		251CF7EA276038E900D1BCBD /* Release */ = {
			isa = XCBuildConfiguration;
			buildSettings = {
				ALWAYS_EMBED_SWIFT_STANDARD_LIBRARIES = YES;
				BUNDLE_LOADER = "$(TEST_HOST)";
				CODE_SIGN_STYLE = Automatic;
				CURRENT_PROJECT_VERSION = 1;
				DEVELOPMENT_TEAM = BFN7NDKVPX;
				GENERATE_INFOPLIST_FILE = YES;
				IPHONEOS_DEPLOYMENT_TARGET = 15.0;
				LD_RUNPATH_SEARCH_PATHS = (
					"$(inherited)",
					"@executable_path/Frameworks",
					"@loader_path/Frameworks",
				);
				MARKETING_VERSION = 1.0;
				PRODUCT_BUNDLE_IDENTIFIER = dominickhera.alaskaAirlinesTestProjectTests;
				PRODUCT_NAME = "$(TARGET_NAME)";
				SWIFT_EMIT_LOC_STRINGS = NO;
				SWIFT_VERSION = 5.0;
				TARGETED_DEVICE_FAMILY = "1,2";
				TEST_HOST = "$(BUILT_PRODUCTS_DIR)/alaskaAirlinesTestProject.app/alaskaAirlinesTestProject";
			};
			name = Release;
		};
		251CF7EC276038E900D1BCBD /* Debug */ = {
			isa = XCBuildConfiguration;
			buildSettings = {
				ALWAYS_EMBED_SWIFT_STANDARD_LIBRARIES = YES;
				CODE_SIGN_STYLE = Automatic;
				CURRENT_PROJECT_VERSION = 1;
				DEVELOPMENT_TEAM = BFN7NDKVPX;
				GENERATE_INFOPLIST_FILE = YES;
				LD_RUNPATH_SEARCH_PATHS = (
					"$(inherited)",
					"@executable_path/Frameworks",
					"@loader_path/Frameworks",
				);
				MARKETING_VERSION = 1.0;
				PRODUCT_BUNDLE_IDENTIFIER = dominickhera.alaskaAirlinesTestProjectUITests;
				PRODUCT_NAME = "$(TARGET_NAME)";
				SWIFT_EMIT_LOC_STRINGS = NO;
				SWIFT_VERSION = 5.0;
				TARGETED_DEVICE_FAMILY = "1,2";
				TEST_TARGET_NAME = alaskaAirlinesTestProject;
			};
			name = Debug;
		};
		251CF7ED276038E900D1BCBD /* Release */ = {
			isa = XCBuildConfiguration;
			buildSettings = {
				ALWAYS_EMBED_SWIFT_STANDARD_LIBRARIES = YES;
				CODE_SIGN_STYLE = Automatic;
				CURRENT_PROJECT_VERSION = 1;
				DEVELOPMENT_TEAM = BFN7NDKVPX;
				GENERATE_INFOPLIST_FILE = YES;
				LD_RUNPATH_SEARCH_PATHS = (
					"$(inherited)",
					"@executable_path/Frameworks",
					"@loader_path/Frameworks",
				);
				MARKETING_VERSION = 1.0;
				PRODUCT_BUNDLE_IDENTIFIER = dominickhera.alaskaAirlinesTestProjectUITests;
				PRODUCT_NAME = "$(TARGET_NAME)";
				SWIFT_EMIT_LOC_STRINGS = NO;
				SWIFT_VERSION = 5.0;
				TARGETED_DEVICE_FAMILY = "1,2";
				TEST_TARGET_NAME = alaskaAirlinesTestProject;
			};
			name = Release;
		};
/* End XCBuildConfiguration section */

/* Begin XCConfigurationList section */
		251CF7B6276038E800D1BCBD /* Build configuration list for PBXProject "alaskaAirlinesTestProject" */ = {
			isa = XCConfigurationList;
			buildConfigurations = (
				251CF7E3276038E900D1BCBD /* Debug */,
				251CF7E4276038E900D1BCBD /* Release */,
			);
			defaultConfigurationIsVisible = 0;
			defaultConfigurationName = Release;
		};
		251CF7E5276038E900D1BCBD /* Build configuration list for PBXNativeTarget "alaskaAirlinesTestProject" */ = {
			isa = XCConfigurationList;
			buildConfigurations = (
				251CF7E6276038E900D1BCBD /* Debug */,
				251CF7E7276038E900D1BCBD /* Release */,
			);
			defaultConfigurationIsVisible = 0;
			defaultConfigurationName = Release;
		};
		251CF7E8276038E900D1BCBD /* Build configuration list for PBXNativeTarget "alaskaAirlinesTestProjectTests" */ = {
			isa = XCConfigurationList;
			buildConfigurations = (
				251CF7E9276038E900D1BCBD /* Debug */,
				251CF7EA276038E900D1BCBD /* Release */,
			);
			defaultConfigurationIsVisible = 0;
			defaultConfigurationName = Release;
		};
		251CF7EB276038E900D1BCBD /* Build configuration list for PBXNativeTarget "alaskaAirlinesTestProjectUITests" */ = {
			isa = XCConfigurationList;
			buildConfigurations = (
				251CF7EC276038E900D1BCBD /* Debug */,
				251CF7ED276038E900D1BCBD /* Release */,
			);
			defaultConfigurationIsVisible = 0;
			defaultConfigurationName = Release;
		};
/* End XCConfigurationList section */
	};
	rootObject = 251CF7B3276038E800D1BCBD /* Project object */;
}
